
Microsoft Visual Studio Solution File, Format Version 12.00
# Visual Studio Version 17
VisualStudioVersion = 17.3.32811.315
MinimumVisualStudioVersion = 10.0.40219.1
Project("{FAE04EC0-301F-11D3-BF4B-00C04F79EFBC}") = "CricketStatsAPI", "CricketStatsAPI\CricketStatsAPI.csproj", "{424F014A-6A06-436D-BD71-428B06A3466A}"
EndProject
Global
	GlobalSection(SolutionConfigurationPlatforms) = preSolution
		Debug|Any CPU = Debug|Any CPU
		Release|Any CPU = Release|Any CPU
	EndGlobalSection
	GlobalSection(ProjectConfigurationPlatforms) = postSolution
		{424F014A-6A06-436D-BD71-428B06A3466A}.Debug|Any CPU.ActiveCfg = Debug|Any CPU
		{424F014A-6A06-436D-BD71-428B06A3466A}.Debug|Any CPU.Build.0 = Debug|Any CPU
		{424F014A-6A06-436D-BD71-428B06A3466A}.Release|Any CPU.ActiveCfg = Release|Any CPU
		{424F014A-6A06-436D-BD71-428B06A3466A}.Release|Any CPU.Build.0 = Release|Any CPU
	EndGlobalSection
	GlobalSection(SolutionProperties) = preSolution
		HideSolutionNode = FALSE
	EndGlobalSection
	GlobalSection(ExtensibilityGlobals) = postSolution
		SolutionGuid = {9874B7B7-C62E-4F15-A072-D7BF1C1F0A1D}
	EndGlobalSection
EndGlobal
